
Microsoft Visual Studio Solution File, Format Version 12.00
Project("{FAE04EC0-301F-11D3-BF4B-00C04F79EFBC}") = "ChessGameTest", "ChessGameTest\ChessGameTest.csproj", "{8687A600-C7AB-4C9C-9F5D-18D4B8832091}"
EndProject
Project("{FAE04EC0-301F-11D3-BF4B-00C04F79EFBC}") = "ChessGame", "ChessGame\ChessGame.csproj", "{C3F212A3-64A7-4242-9A36-ACA1B0C30F3D}"
EndProject
Global
	GlobalSection(SolutionConfigurationPlatforms) = preSolution
		Debug|Any CPU = Debug|Any CPU
		Release|Any CPU = Release|Any CPU
	EndGlobalSection
	GlobalSection(ProjectConfigurationPlatforms) = postSolution
		{8687A600-C7AB-4C9C-9F5D-18D4B8832091}.Debug|Any CPU.ActiveCfg = Debug|Any CPU
		{8687A600-C7AB-4C9C-9F5D-18D4B8832091}.Debug|Any CPU.Build.0 = Debug|Any CPU
		{8687A600-C7AB-4C9C-9F5D-18D4B8832091}.Release|Any CPU.ActiveCfg = Release|Any CPU
		{8687A600-C7AB-4C9C-9F5D-18D4B8832091}.Release|Any CPU.Build.0 = Release|Any CPU
		{C3F212A3-64A7-4242-9A36-ACA1B0C30F3D}.Debug|Any CPU.ActiveCfg = Debug|Any CPU
		{C3F212A3-64A7-4242-9A36-ACA1B0C30F3D}.Debug|Any CPU.Build.0 = Debug|Any CPU
		{C3F212A3-64A7-4242-9A36-ACA1B0C30F3D}.Release|Any CPU.ActiveCfg = Release|Any CPU
		{C3F212A3-64A7-4242-9A36-ACA1B0C30F3D}.Release|Any CPU.Build.0 = Release|Any CPU
	EndGlobalSection
EndGlobal
